
Microsoft Visual Studio Solution File, Format Version 11.00
# Visual Studio 2010
Project("{FAE04EC0-301F-11D3-BF4B-00C04F79EFBC}") = "Assembly-CSharp", "Assembly-CSharp.csproj", "{1A798C5F-4C85-F401-5DE6-8E86B6F24B0E}"
EndProject
Project("{FAE04EC0-301F-11D3-BF4B-00C04F79EFBC}") = "Assembly-CSharp-Editor", "Assembly-CSharp-Editor.csproj", "{55CF58DC-4872-A023-A0C8-539C7FE8711B}"
EndProject
Global
	GlobalSection(SolutionConfigurationPlatforms) = preSolution
		Debug|Any CPU = Debug|Any CPU
		Release|Any CPU = Release|Any CPU
	EndGlobalSection
	GlobalSection(ProjectConfigurationPlatforms) = postSolution
		{1A798C5F-4C85-F401-5DE6-8E86B6F24B0E}.Debug|Any CPU.ActiveCfg = Debug|Any CPU
		{1A798C5F-4C85-F401-5DE6-8E86B6F24B0E}.Debug|Any CPU.Build.0 = Debug|Any CPU
		{1A798C5F-4C85-F401-5DE6-8E86B6F24B0E}.Release|Any CPU.ActiveCfg = Release|Any CPU
		{1A798C5F-4C85-F401-5DE6-8E86B6F24B0E}.Release|Any CPU.Build.0 = Release|Any CPU
		{55CF58DC-4872-A023-A0C8-539C7FE8711B}.Debug|Any CPU.ActiveCfg = Debug|Any CPU
		{55CF58DC-4872-A023-A0C8-539C7FE8711B}.Debug|Any CPU.Build.0 = Debug|Any CPU
		{55CF58DC-4872-A023-A0C8-539C7FE8711B}.Release|Any CPU.ActiveCfg = Release|Any CPU
		{55CF58DC-4872-A023-A0C8-539C7FE8711B}.Release|Any CPU.Build.0 = Release|Any CPU
	EndGlobalSection
	GlobalSection(SolutionProperties) = preSolution
		HideSolutionNode = FALSE
	EndGlobalSection
	GlobalSection(MonoDevelopProperties) = preSolution
		StartupItem = Assembly-CSharp.csproj
	EndGlobalSection
EndGlobal
